
Microsoft Visual Studio Solution File, Format Version 12.00
# Visual Studio 2013
VisualStudioVersion = 12.0.21005.1
MinimumVisualStudioVersion = 10.0.40219.1
Project("{8BC9CEB8-8B4A-11D0-8D11-00A0C91BC942}") = "OpenGLES2Test", "OpenGLES2Test\OpenGLES2Test.vcxproj", "{CF71EC0B-DDC7-481E-B0BD-637656B2207A}"
EndProject
Global
	GlobalSection(SolutionConfigurationPlatforms) = preSolution
		Debug|Tegra-Android = Debug|Tegra-Android
		Release|Tegra-Android = Release|Tegra-Android
		Shipping|Tegra-Android = Shipping|Tegra-Android
	EndGlobalSection
	GlobalSection(ProjectConfigurationPlatforms) = postSolution
		{CF71EC0B-DDC7-481E-B0BD-637656B2207A}.Debug|Tegra-Android.ActiveCfg = Debug|Tegra-Android
		{CF71EC0B-DDC7-481E-B0BD-637656B2207A}.Debug|Tegra-Android.Build.0 = Debug|Tegra-Android
		{CF71EC0B-DDC7-481E-B0BD-637656B2207A}.Release|Tegra-Android.ActiveCfg = Release|Tegra-Android
		{CF71EC0B-DDC7-481E-B0BD-637656B2207A}.Release|Tegra-Android.Build.0 = Release|Tegra-Android
		{CF71EC0B-DDC7-481E-B0BD-637656B2207A}.Shipping|Tegra-Android.ActiveCfg = Shipping|Tegra-Android
		{CF71EC0B-DDC7-481E-B0BD-637656B2207A}.Shipping|Tegra-Android.Build.0 = Shipping|Tegra-Android
	EndGlobalSection
	GlobalSection(SolutionProperties) = preSolution
		HideSolutionNode = FALSE
	EndGlobalSection
EndGlobal
